
Microsoft Visual Studio Solution File, Format Version 12.00
# Visual Studio 15
VisualStudioVersion = 15.0.28307.421
MinimumVisualStudioVersion = 10.0.40219.1
Project("{9A19103F-16F7-4668-BE54-9A1E7A4F7556}") = "KLineEdCmdApp", "KLineEdCmdApp\KLineEdCmdApp.csproj", "{F416C783-640D-4408-B5F8-2551454BCFB2}"
EndProject
Project("{9A19103F-16F7-4668-BE54-9A1E7A4F7556}") = "KLineEdCmdAppTest", "KLineEdCmdAppTest\KLineEdCmdAppTest.csproj", "{9F7AB9DF-9654-4F9E-B5F5-C4605092449B}"
	ProjectSection(ProjectDependencies) = postProject
		{F416C783-640D-4408-B5F8-2551454BCFB2} = {F416C783-640D-4408-B5F8-2551454BCFB2}
	EndProjectSection
EndProject
Project("{2150E333-8FDC-42A3-9474-1A3956D46DE8}") = "Docs", "Docs", "{27E0A82D-1AE8-4D4A-AA63-8FACA27B106C}"
	ProjectSection(SolutionItems) = preProject
		BugList.txt = BugList.txt
		Deployment.txt = Deployment.txt
		..\LICENSE = ..\LICENSE
		..\README.md = ..\README.md
		Settings.txt = Settings.txt
		ToDo.txt = ToDo.txt
		VersionChanges.txt = VersionChanges.txt
	EndProjectSection
EndProject
Global
	GlobalSection(SolutionConfigurationPlatforms) = preSolution
		Debug|Any CPU = Debug|Any CPU
		Release|Any CPU = Release|Any CPU
	EndGlobalSection
	GlobalSection(ProjectConfigurationPlatforms) = postSolution
		{F416C783-640D-4408-B5F8-2551454BCFB2}.Debug|Any CPU.ActiveCfg = Debug|Any CPU
		{F416C783-640D-4408-B5F8-2551454BCFB2}.Debug|Any CPU.Build.0 = Debug|Any CPU
		{F416C783-640D-4408-B5F8-2551454BCFB2}.Release|Any CPU.ActiveCfg = Release|Any CPU
		{F416C783-640D-4408-B5F8-2551454BCFB2}.Release|Any CPU.Build.0 = Release|Any CPU
		{9F7AB9DF-9654-4F9E-B5F5-C4605092449B}.Debug|Any CPU.ActiveCfg = Debug|Any CPU
		{9F7AB9DF-9654-4F9E-B5F5-C4605092449B}.Debug|Any CPU.Build.0 = Debug|Any CPU
		{9F7AB9DF-9654-4F9E-B5F5-C4605092449B}.Release|Any CPU.ActiveCfg = Release|Any CPU
		{9F7AB9DF-9654-4F9E-B5F5-C4605092449B}.Release|Any CPU.Build.0 = Release|Any CPU
	EndGlobalSection
	GlobalSection(SolutionProperties) = preSolution
		HideSolutionNode = FALSE
	EndGlobalSection
	GlobalSection(ExtensibilityGlobals) = postSolution
		SolutionGuid = {9D382386-3786-494C-8301-E7AE803D73D8}
	EndGlobalSection
EndGlobal
