
Microsoft Visual Studio Solution File, Format Version 12.00
# Visual Studio 15
VisualStudioVersion = 15.0.28307.421
MinimumVisualStudioVersion = 10.0.40219.1
Project("{FAE04EC0-301F-11D3-BF4B-00C04F79EFBC}") = "MxDotNetUtilsLib", "MxDotNetUtilsLib\MxDotNetUtilsLib.csproj", "{E4837F93-C67A-41F3-94AD-60C32F7A69B0}"
EndProject
Project("{FAE04EC0-301F-11D3-BF4B-00C04F79EFBC}") = "MxDotNetUtilsCmdApp", "MxDotNetUtilsCmdApp\MxDotNetUtilsCmdApp.csproj", "{B605F2AE-C21A-4618-A2BC-2977801F431F}"
	ProjectSection(ProjectDependencies) = postProject
		{E4837F93-C67A-41F3-94AD-60C32F7A69B0} = {E4837F93-C67A-41F3-94AD-60C32F7A69B0}
	EndProjectSection
EndProject
Project("{FAE04EC0-301F-11D3-BF4B-00C04F79EFBC}") = "MxDotNetUtilsLibTest", "MxDotNetUtilsLibTest\MxDotNetUtilsLibTest.csproj", "{C313594D-6E0C-4205-9E77-3EF03F613914}"
	ProjectSection(ProjectDependencies) = postProject
		{E4837F93-C67A-41F3-94AD-60C32F7A69B0} = {E4837F93-C67A-41F3-94AD-60C32F7A69B0}
	EndProjectSection
EndProject
Project("{2150E333-8FDC-42A3-9474-1A3956D46DE8}") = "Docs", "Docs", "{7883E84E-87A1-4BD9-9D0E-53FEC8623868}"
	ProjectSection(SolutionItems) = preProject
		..\LICENSE = ..\LICENSE
		..\README.md = ..\README.md
		ToDo.txt = ToDo.txt
	EndProjectSection
EndProject
Global
	GlobalSection(SolutionConfigurationPlatforms) = preSolution
		Debug|Any CPU = Debug|Any CPU
		Release|Any CPU = Release|Any CPU
	EndGlobalSection
	GlobalSection(ProjectConfigurationPlatforms) = postSolution
		{E4837F93-C67A-41F3-94AD-60C32F7A69B0}.Debug|Any CPU.ActiveCfg = Debug|Any CPU
		{E4837F93-C67A-41F3-94AD-60C32F7A69B0}.Debug|Any CPU.Build.0 = Debug|Any CPU
		{E4837F93-C67A-41F3-94AD-60C32F7A69B0}.Release|Any CPU.ActiveCfg = Release|Any CPU
		{E4837F93-C67A-41F3-94AD-60C32F7A69B0}.Release|Any CPU.Build.0 = Release|Any CPU
		{B605F2AE-C21A-4618-A2BC-2977801F431F}.Debug|Any CPU.ActiveCfg = Debug|Any CPU
		{B605F2AE-C21A-4618-A2BC-2977801F431F}.Debug|Any CPU.Build.0 = Debug|Any CPU
		{B605F2AE-C21A-4618-A2BC-2977801F431F}.Release|Any CPU.ActiveCfg = Release|Any CPU
		{B605F2AE-C21A-4618-A2BC-2977801F431F}.Release|Any CPU.Build.0 = Release|Any CPU
		{C313594D-6E0C-4205-9E77-3EF03F613914}.Debug|Any CPU.ActiveCfg = Debug|Any CPU
		{C313594D-6E0C-4205-9E77-3EF03F613914}.Debug|Any CPU.Build.0 = Debug|Any CPU
		{C313594D-6E0C-4205-9E77-3EF03F613914}.Release|Any CPU.ActiveCfg = Release|Any CPU
		{C313594D-6E0C-4205-9E77-3EF03F613914}.Release|Any CPU.Build.0 = Release|Any CPU
	EndGlobalSection
	GlobalSection(SolutionProperties) = preSolution
		HideSolutionNode = FALSE
	EndGlobalSection
	GlobalSection(ExtensibilityGlobals) = postSolution
		SolutionGuid = {E1529EF0-FB70-4B48-BAD5-6106E23064E2}
	EndGlobalSection
EndGlobal
